
Microsoft Visual Studio Solution File, Format Version 12.00
# Visual Studio Version 17
VisualStudioVersion = 17.0.31903.59
MinimumVisualStudioVersion = 10.0.40219.1
Project("{FAE04EC0-301F-11D3-BF4B-00C04F79EFBC}") = "VolatixServer.Infrastructure", "VolatixServer.Infrastructure\VolatixServer.Infrastructure.csproj", "{9C1B8BAF-1E92-425A-9843-03F1980D52DF}"
EndProject
Project("{FAE04EC0-301F-11D3-BF4B-00C04F79EFBC}") = "VolatixServer.Service", "VolatixServer.Service\VolatixServer.Service.csproj", "{DD2FE33F-D48E-4F23-9B99-817657BCC594}"
EndProject
Project("{FAE04EC0-301F-11D3-BF4B-00C04F79EFBC}") = "VolatixServer.Api", "VolatixServer.Api\VolatixServer.Api.csproj", "{554E3297-B4D1-4173-BA14-44BCFFA2CEB2}"
EndProject
Global
	GlobalSection(SolutionConfigurationPlatforms) = preSolution
		Debug|Any CPU = Debug|Any CPU
		Debug|x64 = Debug|x64
		Debug|x86 = Debug|x86
		Release|Any CPU = Release|Any CPU
		Release|x64 = Release|x64
		Release|x86 = Release|x86
	EndGlobalSection
	GlobalSection(ProjectConfigurationPlatforms) = postSolution
		{9C1B8BAF-1E92-425A-9843-03F1980D52DF}.Debug|Any CPU.ActiveCfg = Debug|Any CPU
		{9C1B8BAF-1E92-425A-9843-03F1980D52DF}.Debug|Any CPU.Build.0 = Debug|Any CPU
		{9C1B8BAF-1E92-425A-9843-03F1980D52DF}.Debug|x64.ActiveCfg = Debug|Any CPU
		{9C1B8BAF-1E92-425A-9843-03F1980D52DF}.Debug|x64.Build.0 = Debug|Any CPU
		{9C1B8BAF-1E92-425A-9843-03F1980D52DF}.Debug|x86.ActiveCfg = Debug|Any CPU
		{9C1B8BAF-1E92-425A-9843-03F1980D52DF}.Debug|x86.Build.0 = Debug|Any CPU
		{9C1B8BAF-1E92-425A-9843-03F1980D52DF}.Release|Any CPU.ActiveCfg = Release|Any CPU
		{9C1B8BAF-1E92-425A-9843-03F1980D52DF}.Release|Any CPU.Build.0 = Release|Any CPU
		{9C1B8BAF-1E92-425A-9843-03F1980D52DF}.Release|x64.ActiveCfg = Release|Any CPU
		{9C1B8BAF-1E92-425A-9843-03F1980D52DF}.Release|x64.Build.0 = Release|Any CPU
		{9C1B8BAF-1E92-425A-9843-03F1980D52DF}.Release|x86.ActiveCfg = Release|Any CPU
		{9C1B8BAF-1E92-425A-9843-03F1980D52DF}.Release|x86.Build.0 = Release|Any CPU
		{DD2FE33F-D48E-4F23-9B99-817657BCC594}.Debug|Any CPU.ActiveCfg = Debug|Any CPU
		{DD2FE33F-D48E-4F23-9B99-817657BCC594}.Debug|Any CPU.Build.0 = Debug|Any CPU
		{DD2FE33F-D48E-4F23-9B99-817657BCC594}.Debug|x64.ActiveCfg = Debug|Any CPU
		{DD2FE33F-D48E-4F23-9B99-817657BCC594}.Debug|x64.Build.0 = Debug|Any CPU
		{DD2FE33F-D48E-4F23-9B99-817657BCC594}.Debug|x86.ActiveCfg = Debug|Any CPU
		{DD2FE33F-D48E-4F23-9B99-817657BCC594}.Debug|x86.Build.0 = Debug|Any CPU
		{DD2FE33F-D48E-4F23-9B99-817657BCC594}.Release|Any CPU.ActiveCfg = Release|Any CPU
		{DD2FE33F-D48E-4F23-9B99-817657BCC594}.Release|Any CPU.Build.0 = Release|Any CPU
		{DD2FE33F-D48E-4F23-9B99-817657BCC594}.Release|x64.ActiveCfg = Release|Any CPU
		{DD2FE33F-D48E-4F23-9B99-817657BCC594}.Release|x64.Build.0 = Release|Any CPU
		{DD2FE33F-D48E-4F23-9B99-817657BCC594}.Release|x86.ActiveCfg = Release|Any CPU
		{DD2FE33F-D48E-4F23-9B99-817657BCC594}.Release|x86.Build.0 = Release|Any CPU
		{554E3297-B4D1-4173-BA14-44BCFFA2CEB2}.Debug|Any CPU.ActiveCfg = Debug|Any CPU
		{554E3297-B4D1-4173-BA14-44BCFFA2CEB2}.Debug|Any CPU.Build.0 = Debug|Any CPU
		{554E3297-B4D1-4173-BA14-44BCFFA2CEB2}.Debug|x64.ActiveCfg = Debug|Any CPU
		{554E3297-B4D1-4173-BA14-44BCFFA2CEB2}.Debug|x64.Build.0 = Debug|Any CPU
		{554E3297-B4D1-4173-BA14-44BCFFA2CEB2}.Debug|x86.ActiveCfg = Debug|Any CPU
		{554E3297-B4D1-4173-BA14-44BCFFA2CEB2}.Debug|x86.Build.0 = Debug|Any CPU
		{554E3297-B4D1-4173-BA14-44BCFFA2CEB2}.Release|Any CPU.ActiveCfg = Release|Any CPU
		{554E3297-B4D1-4173-BA14-44BCFFA2CEB2}.Release|Any CPU.Build.0 = Release|Any CPU
		{554E3297-B4D1-4173-BA14-44BCFFA2CEB2}.Release|x64.ActiveCfg = Release|Any CPU
		{554E3297-B4D1-4173-BA14-44BCFFA2CEB2}.Release|x64.Build.0 = Release|Any CPU
		{554E3297-B4D1-4173-BA14-44BCFFA2CEB2}.Release|x86.ActiveCfg = Release|Any CPU
		{554E3297-B4D1-4173-BA14-44BCFFA2CEB2}.Release|x86.Build.0 = Release|Any CPU
	EndGlobalSection
	GlobalSection(SolutionProperties) = preSolution
		HideSolutionNode = FALSE
	EndGlobalSection
EndGlobal
